
Microsoft Visual Studio Solution File, Format Version 12.00
# Visual Studio 2012
Project("{8BC9CEB8-8B4A-11D0-8D11-00A0C91BC942}") = "Lab1", "Lab1\Lab1.vcxproj", "{CDE8EC1C-0454-4C77-AE76-71BB94D0366C}"
EndProject
Global
	GlobalSection(SolutionConfigurationPlatforms) = preSolution
		Debug|Win32 = Debug|Win32
		Release|Win32 = Release|Win32
	EndGlobalSection
	GlobalSection(ProjectConfigurationPlatforms) = postSolution
		{CDE8EC1C-0454-4C77-AE76-71BB94D0366C}.Debug|Win32.ActiveCfg = Debug|Win32
		{CDE8EC1C-0454-4C77-AE76-71BB94D0366C}.Debug|Win32.Build.0 = Debug|Win32
		{CDE8EC1C-0454-4C77-AE76-71BB94D0366C}.Release|Win32.ActiveCfg = Release|Win32
		{CDE8EC1C-0454-4C77-AE76-71BB94D0366C}.Release|Win32.Build.0 = Release|Win32
	EndGlobalSection
	GlobalSection(SolutionProperties) = preSolution
		HideSolutionNode = FALSE
	EndGlobalSection
EndGlobal
